// !$*UTF8*$!
{
	archiveVersion = 1;
	classes = {
	};
	objectVersion = 51;
	objects = {

/* Begin PBXBuildFile section */
		B2D92833857334F2BA5C0191 /* Pods_TouchBarVisualizer.framework in Frameworks */ = {isa = PBXBuildFile; fileRef = F303AEDB22848379F3B97968 /* Pods_TouchBarVisualizer.framework */; };
		FE0F10ED24492540001F8976 /* DFRFoundation.framework in Frameworks */ = {isa = PBXBuildFile; fileRef = FE0F10EC24492540001F8976 /* DFRFoundation.framework */; };
		FE0F10EE24492540001F8976 /* DFRFoundation.framework in Embed Frameworks */ = {isa = PBXBuildFile; fileRef = FE0F10EC24492540001F8976 /* DFRFoundation.framework */; settings = {ATTRIBUTES = (CodeSignOnCopy, RemoveHeadersOnCopy, ); }; };
		FE2787BB22710F3600B8E4B4 /* Volume.swift in Sources */ = {isa = PBXBuildFile; fileRef = FE2787BA22710F3600B8E4B4 /* Volume.swift */; };
		FE4B470B25A0BCC8006B7A72 /* TouchBarVisualizerTests.swift in Sources */ = {isa = PBXBuildFile; fileRef = FE4B470A25A0BCC8006B7A72 /* TouchBarVisualizerTests.swift */; };
		FE4B471825A0BDC7006B7A72 /* VolumeTests.swift in Sources */ = {isa = PBXBuildFile; fileRef = FE4B471725A0BDC7006B7A72 /* VolumeTests.swift */; };
		FE4B8577231F3A65008B130C /* NewAudioDevice.m in Sources */ = {isa = PBXBuildFile; fileRef = FE4B8576231F3A65008B130C /* NewAudioDevice.m */; };
		FEBA3EBC247DAEB200F93677 /* TextScene.swift in Sources */ = {isa = PBXBuildFile; fileRef = FEBA3EBB247DAEB200F93677 /* TextScene.swift */; };
		FEC6A8AA24D1F6EB0071AFBD /* Assets.xcassets in Resources */ = {isa = PBXBuildFile; fileRef = FEC6A8A924D1F6EB0071AFBD /* Assets.xcassets */; };
		FED2D1C52260F99100D23B25 /* AppDelegate.swift in Sources */ = {isa = PBXBuildFile; fileRef = FED2D1C42260F99100D23B25 /* AppDelegate.swift */; };
		FED2D1C72260F99100D23B25 /* ViewController.swift in Sources */ = {isa = PBXBuildFile; fileRef = FED2D1C62260F99100D23B25 /* ViewController.swift */; };
		FED2D1CC2260F99200D23B25 /* Main.storyboard in Resources */ = {isa = PBXBuildFile; fileRef = FED2D1CA2260F99200D23B25 /* Main.storyboard */; };
		FEF6943622A9A89C00DDD0F3 /* ColorView.swift in Sources */ = {isa = PBXBuildFile; fileRef = FEF6943522A9A89C00DDD0F3 /* ColorView.swift */; };
		FEF6943822A9AE9200DDD0F3 /* ColorScene.swift in Sources */ = {isa = PBXBuildFile; fileRef = FEF6943722A9AE9200DDD0F3 /* ColorScene.swift */; };
		FEF6943A22A9C02B00DDD0F3 /* WindowController.swift in Sources */ = {isa = PBXBuildFile; fileRef = FEF6943922A9C02B00DDD0F3 /* WindowController.swift */; };
/* End PBXBuildFile section */

/* Begin PBXContainerItemProxy section */
		FE4B470D25A0BCC8006B7A72 /* PBXContainerItemProxy */ = {
			isa = PBXContainerItemProxy;
			containerPortal = FED2D1B92260F99100D23B25 /* Project object */;
			proxyType = 1;
			remoteGlobalIDString = FED2D1C02260F99100D23B25;
			remoteInfo = TouchBarVisualizer;
		};
/* End PBXContainerItemProxy section */

/* Begin PBXCopyFilesBuildPhase section */
		FE4B847C231DF455008B130C /* Embed Frameworks */ = {
			isa = PBXCopyFilesBuildPhase;
			buildActionMask = 2147483647;
			dstPath = "";
			dstSubfolderSpec = 10;
			files = (
				FE0F10EE24492540001F8976 /* DFRFoundation.framework in Embed Frameworks */,
			);
			name = "Embed Frameworks";
			runOnlyForDeploymentPostprocessing = 0;
		};
/* End PBXCopyFilesBuildPhase section */

/* Begin PBXFileReference section */
		B5F136B8B3C0E4B3C73E4F68 /* Pods-TouchBarVisualizer.release.xcconfig */ = {isa = PBXFileReference; includeInIndex = 1; lastKnownFileType = text.xcconfig; name = "Pods-TouchBarVisualizer.release.xcconfig"; path = "Target Support Files/Pods-TouchBarVisualizer/Pods-TouchBarVisualizer.release.xcconfig"; sourceTree = "<group>"; };
		D4D76BA6A733E721E8089FE9 /* Pods-TouchBarVisualizer.debug.xcconfig */ = {isa = PBXFileReference; includeInIndex = 1; lastKnownFileType = text.xcconfig; name = "Pods-TouchBarVisualizer.debug.xcconfig"; path = "Target Support Files/Pods-TouchBarVisualizer/Pods-TouchBarVisualizer.debug.xcconfig"; sourceTree = "<group>"; };
		F303AEDB22848379F3B97968 /* Pods_TouchBarVisualizer.framework */ = {isa = PBXFileReference; explicitFileType = wrapper.framework; includeInIndex = 0; path = Pods_TouchBarVisualizer.framework; sourceTree = BUILT_PRODUCTS_DIR; };
		FE0F10EC24492540001F8976 /* DFRFoundation.framework */ = {isa = PBXFileReference; lastKnownFileType = wrapper.framework; name = DFRFoundation.framework; path = ../../../../System/Library/PrivateFrameworks/DFRFoundation.framework; sourceTree = "<group>"; };
		FE0F10EF244925F6001F8976 /* TouchBarPrivateApi.h */ = {isa = PBXFileReference; lastKnownFileType = sourcecode.c.h; path = TouchBarPrivateApi.h; sourceTree = "<group>"; };
		FE2787BA22710F3600B8E4B4 /* Volume.swift */ = {isa = PBXFileReference; lastKnownFileType = sourcecode.swift; path = Volume.swift; sourceTree = "<group>"; };
		FE4B470825A0BCC8006B7A72 /* TouchBarVisualizerTests.xctest */ = {isa = PBXFileReference; explicitFileType = wrapper.cfbundle; includeInIndex = 0; path = TouchBarVisualizerTests.xctest; sourceTree = BUILT_PRODUCTS_DIR; };
		FE4B470A25A0BCC8006B7A72 /* TouchBarVisualizerTests.swift */ = {isa = PBXFileReference; lastKnownFileType = sourcecode.swift; path = TouchBarVisualizerTests.swift; sourceTree = "<group>"; };
		FE4B470C25A0BCC8006B7A72 /* Info.plist */ = {isa = PBXFileReference; lastKnownFileType = text.plist.xml; path = Info.plist; sourceTree = "<group>"; };
		FE4B471725A0BDC7006B7A72 /* VolumeTests.swift */ = {isa = PBXFileReference; lastKnownFileType = sourcecode.swift; path = VolumeTests.swift; sourceTree = "<group>"; };
		FE4B846D231DB48F008B130C /* TouchBarVisualizer-Bridging-Header.h */ = {isa = PBXFileReference; fileEncoding = 4; lastKnownFileType = sourcecode.c.h; path = "TouchBarVisualizer-Bridging-Header.h"; sourceTree = "<group>"; };
		FE4B8575231F3A65008B130C /* NewAudioDevice.h */ = {isa = PBXFileReference; lastKnownFileType = sourcecode.c.h; path = NewAudioDevice.h; sourceTree = "<group>"; };
		FE4B8576231F3A65008B130C /* NewAudioDevice.m */ = {isa = PBXFileReference; lastKnownFileType = sourcecode.c.objc; path = NewAudioDevice.m; sourceTree = "<group>"; };
		FEBA3EBB247DAEB200F93677 /* TextScene.swift */ = {isa = PBXFileReference; lastKnownFileType = sourcecode.swift; path = TextScene.swift; sourceTree = "<group>"; };
		FEC6A8A924D1F6EB0071AFBD /* Assets.xcassets */ = {isa = PBXFileReference; lastKnownFileType = folder.assetcatalog; path = Assets.xcassets; sourceTree = "<group>"; };
		FED2D1C12260F99100D23B25 /* TouchBarVisualizer.app */ = {isa = PBXFileReference; explicitFileType = wrapper.application; includeInIndex = 0; path = TouchBarVisualizer.app; sourceTree = BUILT_PRODUCTS_DIR; };
		FED2D1C42260F99100D23B25 /* AppDelegate.swift */ = {isa = PBXFileReference; lastKnownFileType = sourcecode.swift; path = AppDelegate.swift; sourceTree = "<group>"; };
		FED2D1C62260F99100D23B25 /* ViewController.swift */ = {isa = PBXFileReference; lastKnownFileType = sourcecode.swift; path = ViewController.swift; sourceTree = "<group>"; };
		FED2D1CB2260F99200D23B25 /* Base */ = {isa = PBXFileReference; lastKnownFileType = file.storyboard; name = Base; path = Base.lproj/Main.storyboard; sourceTree = "<group>"; };
		FED2D1CD2260F99200D23B25 /* Info.plist */ = {isa = PBXFileReference; lastKnownFileType = text.plist.xml; path = Info.plist; sourceTree = "<group>"; };
		FED2D1CE2260F99200D23B25 /* TouchBarVisualizer.entitlements */ = {isa = PBXFileReference; lastKnownFileType = text.plist.entitlements; path = TouchBarVisualizer.entitlements; sourceTree = "<group>"; };
		FEF6943522A9A89C00DDD0F3 /* ColorView.swift */ = {isa = PBXFileReference; lastKnownFileType = sourcecode.swift; path = ColorView.swift; sourceTree = "<group>"; };
		FEF6943722A9AE9200DDD0F3 /* ColorScene.swift */ = {isa = PBXFileReference; lastKnownFileType = sourcecode.swift; path = ColorScene.swift; sourceTree = "<group>"; };
		FEF6943922A9C02B00DDD0F3 /* WindowController.swift */ = {isa = PBXFileReference; lastKnownFileType = sourcecode.swift; path = WindowController.swift; sourceTree = "<group>"; };
/* End PBXFileReference section */

/* Begin PBXFrameworksBuildPhase section */
		FE4B470525A0BCC8006B7A72 /* Frameworks */ = {
			isa = PBXFrameworksBuildPhase;
			buildActionMask = 2147483647;
			files = (
			);
			runOnlyForDeploymentPostprocessing = 0;
		};
		FED2D1BE2260F99100D23B25 /* Frameworks */ = {
			isa = PBXFrameworksBuildPhase;
			buildActionMask = 2147483647;
			files = (
				FE0F10ED24492540001F8976 /* DFRFoundation.framework in Frameworks */,
				B2D92833857334F2BA5C0191 /* Pods_TouchBarVisualizer.framework in Frameworks */,
			);
			runOnlyForDeploymentPostprocessing = 0;
		};
/* End PBXFrameworksBuildPhase section */

/* Begin PBXGroup section */
		C6685BD50F0FED2B3F7A3BA7 /* Pods */ = {
			isa = PBXGroup;
			children = (
				D4D76BA6A733E721E8089FE9 /* Pods-TouchBarVisualizer.debug.xcconfig */,
				B5F136B8B3C0E4B3C73E4F68 /* Pods-TouchBarVisualizer.release.xcconfig */,
			);
			path = Pods;
			sourceTree = "<group>";
		};
		FE4B470925A0BCC8006B7A72 /* TouchBarVisualizerTests */ = {
			isa = PBXGroup;
			children = (
				FE4B470A25A0BCC8006B7A72 /* TouchBarVisualizerTests.swift */,
				FE4B471725A0BDC7006B7A72 /* VolumeTests.swift */,
				FE4B470C25A0BCC8006B7A72 /* Info.plist */,
			);
			path = TouchBarVisualizerTests;
			sourceTree = "<group>";
		};
		FED2D1B82260F99100D23B25 = {
			isa = PBXGroup;
			children = (
				FED2D1C32260F99100D23B25 /* TouchBarVisualizer */,
				FE4B470925A0BCC8006B7A72 /* TouchBarVisualizerTests */,
				FED2D1C22260F99100D23B25 /* Products */,
				FEDD7EE4231876CE00B2CE8A /* Frameworks */,
				C6685BD50F0FED2B3F7A3BA7 /* Pods */,
			);
			sourceTree = "<group>";
		};
		FED2D1C22260F99100D23B25 /* Products */ = {
			isa = PBXGroup;
			children = (
				FED2D1C12260F99100D23B25 /* TouchBarVisualizer.app */,
				FE4B470825A0BCC8006B7A72 /* TouchBarVisualizerTests.xctest */,
			);
			name = Products;
			sourceTree = "<group>";
		};
		FED2D1C32260F99100D23B25 /* TouchBarVisualizer */ = {
			isa = PBXGroup;
			children = (
				FED2D1C42260F99100D23B25 /* AppDelegate.swift */,
				FED2D1C62260F99100D23B25 /* ViewController.swift */,
				FEF6943922A9C02B00DDD0F3 /* WindowController.swift */,
				FE2787BA22710F3600B8E4B4 /* Volume.swift */,
				FEF6943522A9A89C00DDD0F3 /* ColorView.swift */,
				FEF6943722A9AE9200DDD0F3 /* ColorScene.swift */,
				FEBA3EBB247DAEB200F93677 /* TextScene.swift */,
				FEC6A8A924D1F6EB0071AFBD /* Assets.xcassets */,
				FED2D1CA2260F99200D23B25 /* Main.storyboard */,
				FED2D1CD2260F99200D23B25 /* Info.plist */,
				FED2D1CE2260F99200D23B25 /* TouchBarVisualizer.entitlements */,
				FE4B846D231DB48F008B130C /* TouchBarVisualizer-Bridging-Header.h */,
				FE4B8575231F3A65008B130C /* NewAudioDevice.h */,
				FE4B8576231F3A65008B130C /* NewAudioDevice.m */,
				FE0F10EF244925F6001F8976 /* TouchBarPrivateApi.h */,
			);
			path = TouchBarVisualizer;
			sourceTree = "<group>";
		};
		FEDD7EE4231876CE00B2CE8A /* Frameworks */ = {
			isa = PBXGroup;
			children = (
				FE0F10EC24492540001F8976 /* DFRFoundation.framework */,
				F303AEDB22848379F3B97968 /* Pods_TouchBarVisualizer.framework */,
			);
			name = Frameworks;
			sourceTree = "<group>";
		};
/* End PBXGroup section */

/* Begin PBXNativeTarget section */
		FE4B470725A0BCC8006B7A72 /* TouchBarVisualizerTests */ = {
			isa = PBXNativeTarget;
			buildConfigurationList = FE4B470F25A0BCC8006B7A72 /* Build configuration list for PBXNativeTarget "TouchBarVisualizerTests" */;
			buildPhases = (
				FE4B470425A0BCC8006B7A72 /* Sources */,
				FE4B470525A0BCC8006B7A72 /* Frameworks */,
				FE4B470625A0BCC8006B7A72 /* Resources */,
			);
			buildRules = (
			);
			dependencies = (
				FE4B470E25A0BCC8006B7A72 /* PBXTargetDependency */,
			);
			name = TouchBarVisualizerTests;
			productName = TouchBarVisualizerTests;
			productReference = FE4B470825A0BCC8006B7A72 /* TouchBarVisualizerTests.xctest */;
			productType = "com.apple.product-type.bundle.unit-test";
		};
		FED2D1C02260F99100D23B25 /* TouchBarVisualizer */ = {
			isa = PBXNativeTarget;
			buildConfigurationList = FED2D1D12260F99200D23B25 /* Build configuration list for PBXNativeTarget "TouchBarVisualizer" */;
			buildPhases = (
				C8BC644572108F751DB53299 /* [CP] Check Pods Manifest.lock */,
				FED2D1BD2260F99100D23B25 /* Sources */,
				FED2D1BE2260F99100D23B25 /* Frameworks */,
				FED2D1BF2260F99100D23B25 /* Resources */,
				FE4B847C231DF455008B130C /* Embed Frameworks */,
				E03E476F19A34817EFCC57BF /* [CP] Embed Pods Frameworks */,
			);
			buildRules = (
			);
			dependencies = (
			);
			name = TouchBarVisualizer;
			productName = TouchBarVisualizer;
			productReference = FED2D1C12260F99100D23B25 /* TouchBarVisualizer.app */;
			productType = "com.apple.product-type.application";
		};
/* End PBXNativeTarget section */

/* Begin PBXProject section */
		FED2D1B92260F99100D23B25 /* Project object */ = {
			isa = PBXProject;
			attributes = {
				LastSwiftUpdateCheck = 1230;
				LastUpgradeCheck = 1200;
				ORGANIZATIONNAME = "Addison Hanrattie";
				TargetAttributes = {
					FE4B470725A0BCC8006B7A72 = {
						CreatedOnToolsVersion = 12.3;
						TestTargetID = FED2D1C02260F99100D23B25;
					};
					FED2D1C02260F99100D23B25 = {
						CreatedOnToolsVersion = 10.2;
						LastSwiftMigration = 1030;
						SystemCapabilities = {
							com.apple.HardenedRuntime = {
								enabled = 1;
							};
							com.apple.Sandbox = {
								enabled = 1;
							};
						};
					};
				};
			};
			buildConfigurationList = FED2D1BC2260F99100D23B25 /* Build configuration list for PBXProject "TouchBarVisualizer" */;
			compatibilityVersion = "Xcode 9.3";
			developmentRegion = en;
			hasScannedForEncodings = 0;
			knownRegions = (
				en,
				Base,
			);
			mainGroup = FED2D1B82260F99100D23B25;
			productRefGroup = FED2D1C22260F99100D23B25 /* Products */;
			projectDirPath = "";
			projectRoot = "";
			targets = (
				FED2D1C02260F99100D23B25 /* TouchBarVisualizer */,
				FE4B470725A0BCC8006B7A72 /* TouchBarVisualizerTests */,
			);
		};
/* End PBXProject section */

/* Begin PBXResourcesBuildPhase section */
		FE4B470625A0BCC8006B7A72 /* Resources */ = {
			isa = PBXResourcesBuildPhase;
			buildActionMask = 2147483647;
			files = (
			);
			runOnlyForDeploymentPostprocessing = 0;
		};
		FED2D1BF2260F99100D23B25 /* Resources */ = {
			isa = PBXResourcesBuildPhase;
			buildActionMask = 2147483647;
			files = (
				FEC6A8AA24D1F6EB0071AFBD /* Assets.xcassets in Resources */,
				FED2D1CC2260F99200D23B25 /* Main.storyboard in Resources */,
			);
			runOnlyForDeploymentPostprocessing = 0;
		};
/* End PBXResourcesBuildPhase section */

/* Begin PBXShellScriptBuildPhase section */
		C8BC644572108F751DB53299 /* [CP] Check Pods Manifest.lock */ = {
			isa = PBXShellScriptBuildPhase;
			buildActionMask = 2147483647;
			files = (
			);
			inputFileListPaths = (
			);
			inputPaths = (
				"${PODS_PODFILE_DIR_PATH}/Podfile.lock",
				"${PODS_ROOT}/Manifest.lock",
			);
			name = "[CP] Check Pods Manifest.lock";
			outputFileListPaths = (
			);
			outputPaths = (
				"$(DERIVED_FILE_DIR)/Pods-TouchBarVisualizer-checkManifestLockResult.txt",
			);
			runOnlyForDeploymentPostprocessing = 0;
			shellPath = /bin/sh;
			shellScript = "diff \"${PODS_PODFILE_DIR_PATH}/Podfile.lock\" \"${PODS_ROOT}/Manifest.lock\" > /dev/null\nif [ $? != 0 ] ; then\n    # print error to STDERR\n    echo \"error: The sandbox is not in sync with the Podfile.lock. Run 'pod install' or update your CocoaPods installation.\" >&2\n    exit 1\nfi\n# This output is used by Xcode 'outputs' to avoid re-running this script phase.\necho \"SUCCESS\" > \"${SCRIPT_OUTPUT_FILE_0}\"\n";
			showEnvVarsInLog = 0;
		};
		E03E476F19A34817EFCC57BF /* [CP] Embed Pods Frameworks */ = {
			isa = PBXShellScriptBuildPhase;
			buildActionMask = 2147483647;
			files = (
			);
			inputFileListPaths = (
				"${PODS_ROOT}/Target Support Files/Pods-TouchBarVisualizer/Pods-TouchBarVisualizer-frameworks-${CONFIGURATION}-input-files.xcfilelist",
			);
			name = "[CP] Embed Pods Frameworks";
			outputFileListPaths = (
				"${PODS_ROOT}/Target Support Files/Pods-TouchBarVisualizer/Pods-TouchBarVisualizer-frameworks-${CONFIGURATION}-output-files.xcfilelist",
			);
			runOnlyForDeploymentPostprocessing = 0;
			shellPath = /bin/sh;
			shellScript = "\"${PODS_ROOT}/Target Support Files/Pods-TouchBarVisualizer/Pods-TouchBarVisualizer-frameworks.sh\"\n";
			showEnvVarsInLog = 0;
		};
/* End PBXShellScriptBuildPhase section */

/* Begin PBXSourcesBuildPhase section */
		FE4B470425A0BCC8006B7A72 /* Sources */ = {
			isa = PBXSourcesBuildPhase;
			buildActionMask = 2147483647;
			files = (
				FE4B470B25A0BCC8006B7A72 /* TouchBarVisualizerTests.swift in Sources */,
				FE4B471825A0BDC7006B7A72 /* VolumeTests.swift in Sources */,
			);
			runOnlyForDeploymentPostprocessing = 0;
		};
		FED2D1BD2260F99100D23B25 /* Sources */ = {
			isa = PBXSourcesBuildPhase;
			buildActionMask = 2147483647;
			files = (
				FEF6943822A9AE9200DDD0F3 /* ColorScene.swift in Sources */,
				FED2D1C72260F99100D23B25 /* ViewController.swift in Sources */,
				FEF6943A22A9C02B00DDD0F3 /* WindowController.swift in Sources */,
				FED2D1C52260F99100D23B25 /* AppDelegate.swift in Sources */,
				FEF6943622A9A89C00DDD0F3 /* ColorView.swift in Sources */,
				FEBA3EBC247DAEB200F93677 /* TextScene.swift in Sources */,
				FE4B8577231F3A65008B130C /* NewAudioDevice.m in Sources */,
				FE2787BB22710F3600B8E4B4 /* Volume.swift in Sources */,
			);
			runOnlyForDeploymentPostprocessing = 0;
		};
/* End PBXSourcesBuildPhase section */

/* Begin PBXTargetDependency section */
		FE4B470E25A0BCC8006B7A72 /* PBXTargetDependency */ = {
			isa = PBXTargetDependency;
			target = FED2D1C02260F99100D23B25 /* TouchBarVisualizer */;
			targetProxy = FE4B470D25A0BCC8006B7A72 /* PBXContainerItemProxy */;
		};
/* End PBXTargetDependency section */

/* Begin PBXVariantGroup section */
		FED2D1CA2260F99200D23B25 /* Main.storyboard */ = {
			isa = PBXVariantGroup;
			children = (
				FED2D1CB2260F99200D23B25 /* Base */,
			);
			name = Main.storyboard;
			sourceTree = "<group>";
		};
/* End PBXVariantGroup section */

/* Begin XCBuildConfiguration section */
		FE4B471025A0BCC8006B7A72 /* Debug */ = {
			isa = XCBuildConfiguration;
			buildSettings = {
				BUNDLE_LOADER = "$(TEST_HOST)";
				CLANG_CXX_LANGUAGE_STANDARD = "gnu++14";
				CODE_SIGN_STYLE = Automatic;
				COMBINE_HIDPI_IMAGES = YES;
				DEVELOPMENT_TEAM = Z9MH7A898M;
				GCC_C_LANGUAGE_STANDARD = gnu11;
				INFOPLIST_FILE = TouchBarVisualizerTests/Info.plist;
				LD_RUNPATH_SEARCH_PATHS = (
					"$(inherited)",
					"@executable_path/../Frameworks",
					"@loader_path/../Frameworks",
				);
				PRODUCT_BUNDLE_IDENTIFIER = com.addisonhanrattie.TouchBarVisualizerTests;
				PRODUCT_NAME = "$(TARGET_NAME)";
				SWIFT_VERSION = 5.0;
				TEST_HOST = "$(BUILT_PRODUCTS_DIR)/TouchBarVisualizer.app/Contents/MacOS/TouchBarVisualizer";
			};
			name = Debug;
		};
		FE4B471125A0BCC8006B7A72 /* Release */ = {
			isa = XCBuildConfiguration;
			buildSettings = {
				BUNDLE_LOADER = "$(TEST_HOST)";
				CLANG_CXX_LANGUAGE_STANDARD = "gnu++14";
				CODE_SIGN_STYLE = Automatic;
				COMBINE_HIDPI_IMAGES = YES;
				DEVELOPMENT_TEAM = Z9MH7A898M;
				GCC_C_LANGUAGE_STANDARD = gnu11;
				INFOPLIST_FILE = TouchBarVisualizerTests/Info.plist;
				LD_RUNPATH_SEARCH_PATHS = (
					"$(inherited)",
					"@executable_path/../Frameworks",
					"@loader_path/../Frameworks",
				);
				PRODUCT_BUNDLE_IDENTIFIER = com.addisonhanrattie.TouchBarVisualizerTests;
				PRODUCT_NAME = "$(TARGET_NAME)";
				SWIFT_VERSION = 5.0;
				TEST_HOST = "$(BUILT_PRODUCTS_DIR)/TouchBarVisualizer.app/Contents/MacOS/TouchBarVisualizer";
			};
			name = Release;
		};
		FED2D1CF2260F99200D23B25 /* Debug */ = {
			isa = XCBuildConfiguration;
			buildSettings = {
				ALWAYS_SEARCH_USER_PATHS = NO;
				CLANG_ANALYZER_NONNULL = YES;
				CLANG_ANALYZER_NUMBER_OBJECT_CONVERSION = YES_AGGRESSIVE;
				CLANG_CXX_LANGUAGE_STANDARD = "gnu++0x";
				CLANG_CXX_LIBRARY = "libc++";
				CLANG_ENABLE_MODULES = YES;
				CLANG_ENABLE_OBJC_ARC = YES;
				CLANG_ENABLE_OBJC_WEAK = YES;
				CLANG_MODULES_AUTOLINK = YES;
				CLANG_WARN_BLOCK_CAPTURE_AUTORELEASING = YES;
				CLANG_WARN_BOOL_CONVERSION = YES;
				CLANG_WARN_COMMA = YES;
				CLANG_WARN_CONSTANT_CONVERSION = YES;
				CLANG_WARN_DEPRECATED_OBJC_IMPLEMENTATIONS = YES;
				CLANG_WARN_DIRECT_OBJC_ISA_USAGE = YES_ERROR;
				CLANG_WARN_DOCUMENTATION_COMMENTS = YES;
				CLANG_WARN_EMPTY_BODY = YES;
				CLANG_WARN_ENUM_CONVERSION = YES;
				CLANG_WARN_INFINITE_RECURSION = YES;
				CLANG_WARN_INT_CONVERSION = YES;
				CLANG_WARN_NON_LITERAL_NULL_CONVERSION = YES;
				CLANG_WARN_OBJC_IMPLICIT_RETAIN_SELF = YES;
				CLANG_WARN_OBJC_LITERAL_CONVERSION = YES;
				CLANG_WARN_OBJC_ROOT_CLASS = YES_ERROR;
				CLANG_WARN_QUOTED_INCLUDE_IN_FRAMEWORK_HEADER = YES;
				CLANG_WARN_RANGE_LOOP_ANALYSIS = YES;
				CLANG_WARN_STRICT_PROTOTYPES = YES;
				CLANG_WARN_SUSPICIOUS_MOVE = YES;
				CLANG_WARN_UNGUARDED_AVAILABILITY = YES_AGGRESSIVE;
				CLANG_WARN_UNREACHABLE_CODE = YES;
				CLANG_WARN__DUPLICATE_METHOD_MATCH = YES;
				CODE_SIGN_IDENTITY = "Mac Developer";
				COPY_PHASE_STRIP = NO;
				DEBUG_INFORMATION_FORMAT = dwarf;
				ENABLE_STRICT_OBJC_MSGSEND = YES;
				ENABLE_TESTABILITY = YES;
				GCC_C_LANGUAGE_STANDARD = gnu99;
				GCC_DYNAMIC_NO_PIC = NO;
				GCC_NO_COMMON_BLOCKS = YES;
				GCC_OPTIMIZATION_LEVEL = 0;
				GCC_PREPROCESSOR_DEFINITIONS = (
					"DEBUG=1",
					"$(inherited)",
				);
				GCC_WARN_64_TO_32_BIT_CONVERSION = YES;
				GCC_WARN_ABOUT_RETURN_TYPE = YES_ERROR;
				GCC_WARN_UNDECLARED_SELECTOR = YES;
				GCC_WARN_UNINITIALIZED_AUTOS = YES_AGGRESSIVE;
				GCC_WARN_UNUSED_FUNCTION = YES;
				GCC_WARN_UNUSED_VARIABLE = YES;
				MACOSX_DEPLOYMENT_TARGET = 11.1;
				MTL_ENABLE_DEBUG_INFO = INCLUDE_SOURCE;
				MTL_FAST_MATH = YES;
				ONLY_ACTIVE_ARCH = YES;
				SDKROOT = macosx;
				SWIFT_ACTIVE_COMPILATION_CONDITIONS = DEBUG;
				SWIFT_OPTIMIZATION_LEVEL = "-Onone";
			};
			name = Debug;
		};
		FED2D1D02260F99200D23B25 /* Release */ = {
			isa = XCBuildConfiguration;
			buildSettings = {
				ALWAYS_SEARCH_USER_PATHS = NO;
				CLANG_ANALYZER_NONNULL = YES;
				CLANG_ANALYZER_NUMBER_OBJECT_CONVERSION = YES_AGGRESSIVE;
				CLANG_CXX_LANGUAGE_STANDARD = "gnu++0x";
				CLANG_CXX_LIBRARY = "libc++";
				CLANG_ENABLE_MODULES = YES;
				CLANG_ENABLE_OBJC_ARC = YES;
				CLANG_ENABLE_OBJC_WEAK = YES;
				CLANG_MODULES_AUTOLINK = YES;
				CLANG_WARN_BLOCK_CAPTURE_AUTORELEASING = YES;
				CLANG_WARN_BOOL_CONVERSION = YES;
				CLANG_WARN_COMMA = YES;
				CLANG_WARN_CONSTANT_CONVERSION = YES;
				CLANG_WARN_DEPRECATED_OBJC_IMPLEMENTATIONS = YES;
				CLANG_WARN_DIRECT_OBJC_ISA_USAGE = YES_ERROR;
				CLANG_WARN_DOCUMENTATION_COMMENTS = YES;
				CLANG_WARN_EMPTY_BODY = YES;
				CLANG_WARN_ENUM_CONVERSION = YES;
				CLANG_WARN_INFINITE_RECURSION = YES;
				CLANG_WARN_INT_CONVERSION = YES;
				CLANG_WARN_NON_LITERAL_NULL_CONVERSION = YES;
				CLANG_WARN_OBJC_IMPLICIT_RETAIN_SELF = YES;
				CLANG_WARN_OBJC_LITERAL_CONVERSION = YES;
				CLANG_WARN_OBJC_ROOT_CLASS = YES_ERROR;
				CLANG_WARN_QUOTED_INCLUDE_IN_FRAMEWORK_HEADER = YES;
				CLANG_WARN_RANGE_LOOP_ANALYSIS = YES;
				CLANG_WARN_STRICT_PROTOTYPES = YES;
				CLANG_WARN_SUSPICIOUS_MOVE = YES;
				CLANG_WARN_UNGUARDED_AVAILABILITY = YES_AGGRESSIVE;
				CLANG_WARN_UNREACHABLE_CODE = YES;
				CLANG_WARN__DUPLICATE_METHOD_MATCH = YES;
				CODE_SIGN_IDENTITY = "Mac Developer";
				COPY_PHASE_STRIP = NO;
				DEBUG_INFORMATION_FORMAT = "dwarf-with-dsym";
				ENABLE_NS_ASSERTIONS = NO;
				ENABLE_STRICT_OBJC_MSGSEND = YES;
				GCC_C_LANGUAGE_STANDARD = gnu99;
				GCC_NO_COMMON_BLOCKS = YES;
				GCC_WARN_64_TO_32_BIT_CONVERSION = YES;
				GCC_WARN_ABOUT_RETURN_TYPE = YES_ERROR;
				GCC_WARN_UNDECLARED_SELECTOR = YES;
				GCC_WARN_UNINITIALIZED_AUTOS = YES_AGGRESSIVE;
				GCC_WARN_UNUSED_FUNCTION = YES;
				GCC_WARN_UNUSED_VARIABLE = YES;
				MACOSX_DEPLOYMENT_TARGET = 11.1;
				MTL_ENABLE_DEBUG_INFO = NO;
				MTL_FAST_MATH = YES;
				SDKROOT = macosx;
				SWIFT_COMPILATION_MODE = wholemodule;
				SWIFT_OPTIMIZATION_LEVEL = "-O";
			};
			name = Release;
		};
		FED2D1D22260F99200D23B25 /* Debug */ = {
			isa = XCBuildConfiguration;
			baseConfigurationReference = D4D76BA6A733E721E8089FE9 /* Pods-TouchBarVisualizer.debug.xcconfig */;
			buildSettings = {
				ASSETCATALOG_COMPILER_APPICON_NAME = AppIcon;
				ASSETCATALOG_NOTICES = YES;
				ASSETCATALOG_WARNINGS = YES;
				CLANG_ENABLE_MODULES = YES;
				CODE_SIGN_ENTITLEMENTS = TouchBarVisualizer/TouchBarVisualizer.entitlements;
				CODE_SIGN_IDENTITY = "Mac Developer";
				CODE_SIGN_STYLE = Automatic;
				COMBINE_HIDPI_IMAGES = YES;
				DEFINES_MODULE = YES;
				DEVELOPMENT_TEAM = Z9MH7A898M;
				ENABLE_HARDENED_RUNTIME = YES;
				ENABLE_ONLY_ACTIVE_RESOURCES = YES;
				INFOPLIST_FILE = TouchBarVisualizer/Info.plist;
				LD_RUNPATH_SEARCH_PATHS = (
					"$(inherited)",
					"@executable_path/../Frameworks",
				);
				MARKETING_VERSION = 0.2;
				OTHER_CFLAGS = "";
				PRODUCT_BUNDLE_IDENTIFIER = com.addisonhanrattie.TouchBarVisualizer;
				PRODUCT_NAME = "$(TARGET_NAME)";
				PROVISIONING_PROFILE_SPECIFIER = "";
				SWIFT_OBJC_BRIDGING_HEADER = "TouchBarVisualizer/TouchBarVisualizer-Bridging-Header.h";
				SWIFT_OPTIMIZATION_LEVEL = "-Onone";
				SWIFT_PRECOMPILE_BRIDGING_HEADER = YES;
				SWIFT_VERSION = 5.0;
				SYSTEM_FRAMEWORK_SEARCH_PATHS = (
					"$(inherited)",
					"$(SYSTEM_LIBRARY_DIR)/PrivateFrameworks",
				);
				WARNING_CFLAGS = "";
			};
			name = Debug;
		};
		FED2D1D32260F99200D23B25 /* Release */ = {
			isa = XCBuildConfiguration;
			baseConfigurationReference = B5F136B8B3C0E4B3C73E4F68 /* Pods-TouchBarVisualizer.release.xcconfig */;
			buildSettings = {
				ASSETCATALOG_COMPILER_APPICON_NAME = AppIcon;
				ASSETCATALOG_NOTICES = YES;
				ASSETCATALOG_WARNINGS = YES;
				CLANG_ENABLE_MODULES = YES;
				CODE_SIGN_ENTITLEMENTS = TouchBarVisualizer/TouchBarVisualizer.entitlements;
				CODE_SIGN_IDENTITY = "Mac Developer";
				CODE_SIGN_STYLE = Automatic;
				COMBINE_HIDPI_IMAGES = YES;
				DEFINES_MODULE = YES;
				DEVELOPMENT_TEAM = Z9MH7A898M;
				ENABLE_HARDENED_RUNTIME = YES;
				ENABLE_ONLY_ACTIVE_RESOURCES = YES;
				INFOPLIST_FILE = TouchBarVisualizer/Info.plist;
				LD_RUNPATH_SEARCH_PATHS = (
					"$(inherited)",
					"@executable_path/../Frameworks",
				);
				MARKETING_VERSION = 0.2;
				OTHER_CFLAGS = "";
				PRODUCT_BUNDLE_IDENTIFIER = com.addisonhanrattie.TouchBarVisualizer;
				PRODUCT_NAME = "$(TARGET_NAME)";
				PROVISIONING_PROFILE_SPECIFIER = "";
				SWIFT_OBJC_BRIDGING_HEADER = "TouchBarVisualizer/TouchBarVisualizer-Bridging-Header.h";
				SWIFT_PRECOMPILE_BRIDGING_HEADER = YES;
				SWIFT_VERSION = 5.0;
				SYSTEM_FRAMEWORK_SEARCH_PATHS = (
					"$(inherited)",
					"$(SYSTEM_LIBRARY_DIR)/PrivateFrameworks",
				);
				WARNING_CFLAGS = "";
			};
			name = Release;
		};
/* End XCBuildConfiguration section */

/* Begin XCConfigurationList section */
		FE4B470F25A0BCC8006B7A72 /* Build configuration list for PBXNativeTarget "TouchBarVisualizerTests" */ = {
			isa = XCConfigurationList;
			buildConfigurations = (
				FE4B471025A0BCC8006B7A72 /* Debug */,
				FE4B471125A0BCC8006B7A72 /* Release */,
			);
			defaultConfigurationIsVisible = 0;
			defaultConfigurationName = Release;
		};
		FED2D1BC2260F99100D23B25 /* Build configuration list for PBXProject "TouchBarVisualizer" */ = {
			isa = XCConfigurationList;
			buildConfigurations = (
				FED2D1CF2260F99200D23B25 /* Debug */,
				FED2D1D02260F99200D23B25 /* Release */,
			);
			defaultConfigurationIsVisible = 0;
			defaultConfigurationName = Release;
		};
		FED2D1D12260F99200D23B25 /* Build configuration list for PBXNativeTarget "TouchBarVisualizer" */ = {
			isa = XCConfigurationList;
			buildConfigurations = (
				FED2D1D22260F99200D23B25 /* Debug */,
				FED2D1D32260F99200D23B25 /* Release */,
			);
			defaultConfigurationIsVisible = 0;
			defaultConfigurationName = Release;
		};
/* End XCConfigurationList section */
	};
	rootObject = FED2D1B92260F99100D23B25 /* Project object */;
}
